version = 1
revision = 3
requires-python = ">=3.13"

[[package]]
name = "colorama"
version = "0.4.6"
source = { registry = "https://pypi.org/simple" }
sdist = { url = "https://files.pythonhosted.org/packages/d8/53/6f443c9a4a8358a93a6792e2acffb9d9d5cb0a5cfd8802644b7b1c9a02e4/colorama-0.4.6.tar.gz", hash = "sha256:08695f5cb7ed6e0531a20572697297273c47b8cae5a63ffc6d6ed5c201be6e44", size = 27697, upload-time = "2022-10-25T02:36:22.414Z" }
wheels = [
    { url = "https://files.pythonhosted.org/packages/d1/d6/3965ed04c63042e047cb6a3e6ed1a63a35087b6a609aa3a15ed8ac56c221/colorama-0.4.6-py2.py3-none-any.whl", hash = "sha256:4f1d9991f5acc0ca119f9d443620b77f9d6b33703e51011c16baf57afb285fc6", size = 25335, upload-time = "2022-10-25T02:36:20.889Z" },
]

[[package]]
name = "iniconfig"
version = "2.3.0"
source = { registry = "https://pypi.org/simple" }
sdist = { url = "https://files.pythonhosted.org/packages/72/34/14ca021ce8e5dfedc35312d08ba8bf51fdd999c576889fc2c24cb97f4f10/iniconfig-2.3.0.tar.gz", hash = "sha256:c76315c77db068650d49c5b56314774a7804df16fee4402c1f19d6d15d8c4730", size = 20503, upload-time = "2025-10-18T21:55:43.219Z" }
wheels = [
    { url = "https://files.pythonhosted.org/packages/cb/b1/3846dd7f199d53cb17f49cba7e651e9ce294d8497c8c150530ed11865bb8/iniconfig-2.3.0-py3-none-any.whl", hash = "sha256:f631c04d2c48c52b84d0d0549c99ff3859c98df65b3101406327ecc7d53fbf12", size = 7484, upload-time = "2025-10-18T21:55:41.639Z" },
]

[[package]]
name = "packaging"
version = "26.0"
source = { registry = "https://pypi.org/simple" }
sdist = { url = "https://files.pythonhosted.org/packages/65/ee/299d360cdc32edc7d2cf530f3accf79c4fca01e96ffc950d8a52213bd8e4/packaging-26.0.tar.gz", hash = "sha256:00243ae351a257117b6a241061796684b084ed1c516a08c48a3f7e147a9d80b4", size = 143416, upload-time = "2026-01-21T20:50:39.064Z" }
wheels = [
    { url = "https://files.pythonhosted.org/packages/b7/b9/c538f279a4e237a006a2c98387d081e9eb060d203d8ed34467cc0f0b9b53/packaging-26.0-py3-none-any.whl", hash = "sha256:b36f1fef9334a5588b4166f8bcd26a14e521f2b55e6b9de3aaa80d3ff7a37529", size = 74366, upload-time = "2026-01-21T20:50:37.788Z" },
]

[[package]]
name = "pluggy"
version = "1.6.0"
source = { registry = "https://pypi.org/simple" }
sdist = { url = "https://files.pythonhosted.org/packages/f9/e2/3e91f31a7d2b083fe6ef3fa267035b518369d9511ffab804f839851d2779/pluggy-1.6.0.tar.gz", hash = "sha256:7dcc130b76258d33b90f61b658791dede3486c3e6bfb003ee5c9bfb396dd22f3", size = 69412, upload-time = "2025-05-15T12:30:07.975Z" }
wheels = [
    { url = "https://files.pythonhosted.org/packages/54/20/4d324d65cc6d9205fabedc306948156824eb9f0ee1633355a8f7ec5c66bf/pluggy-1.6.0-py3-none-any.whl", hash = "sha256:e920276dd6813095e9377c0bc5566d94c932c33b27a3e3945d8389c374dd4746", size = 20538, upload-time = "2025-05-15T12:30:06.134Z" },
]

[[package]]
name = "polars"
version = "1.38.0"
source = { registry = "https://pypi.org/simple" }
dependencies = [
    { name = "polars-runtime-32" },
]
sdist = { url = "https://files.pythonhosted.org/packages/e1/56/bce1c1244431b0ebc4e5d413fdbcf7f85ec30fc98595fcfb7328a869d794/polars-1.38.0.tar.gz", hash = "sha256:4dee569944c613d8c621eb709e452354e1570bd3d47ccb2d3d36681fb1bd2cf6", size = 717801, upload-time = "2026-02-04T12:00:34.246Z" }
wheels = [
    { url = "https://files.pythonhosted.org/packages/c3/47/61e7a47f77e321aa1cbf4141cc60df9d6e63b9f469c5525226535552a04c/polars-1.38.0-py3-none-any.whl", hash = "sha256:d7a31b47da8c9522aa38908c46ac72eab8eaf0c992e024f9c95fedba4cbe7759", size = 810116, upload-time = "2026-02-04T11:59:21.425Z" },
]

[[package]]
name = "polars-runtime-32"
version = "1.38.0"
source = { registry = "https://pypi.org/simple" }
sdist = { url = "https://files.pythonhosted.org/packages/8c/8d/8f5764d722ad16ddb1b6db997aca7a41110dad446000ee2e3f8f48503f0e/polars_runtime_32-1.38.0.tar.gz", hash = "sha256:69ba986bff34f70d7eab931005e5d81dd4dc6c5c12e3532a4bd0fc7022671692", size = 2812354, upload-time = "2026-02-04T12:00:36.041Z" }
wheels = [
    { url = "https://files.pythonhosted.org/packages/51/eb/a8981ec070dd9bea9569292f38b0268159e39f63f5376ffae27a0c7d2ee7/polars_runtime_32-1.38.0-cp310-abi3-macosx_10_12_x86_64.whl", hash = "sha256:03f43c10a419837b89a493e946090cdaee08ce50a8d1933f2e8ac3a6874d7db4", size = 44106460, upload-time = "2026-02-04T11:59:23.546Z" },
    { url = "https://files.pythonhosted.org/packages/64/de/c2a2037b2d658b91067647b99be43bc91af3a7b4868e32efcc118f383add/polars_runtime_32-1.38.0-cp310-abi3-macosx_11_0_arm64.whl", hash = "sha256:d664e53cba734e9fbed87d1c33078a13b5fc39b3e8790318fc65fa78954ea2d0", size = 40228076, upload-time = "2026-02-04T11:59:26.497Z" },
    { url = "https://files.pythonhosted.org/packages/4a/0f/9204210e7d05b3953813bb09627585c161221f512f2672b31065a02f4727/polars_runtime_32-1.38.0-cp310-abi3-manylinux_2_17_aarch64.manylinux2014_aarch64.whl", hash = "sha256:c073c7b7e6e559769e10cdadbafce86d32b0709d5790de920081c6129acae507", size = 41988273, upload-time = "2026-02-04T11:59:29.01Z" },
    { url = "https://files.pythonhosted.org/packages/89/64/4c5dbb1c2d2c025f8e7c7e433bd343c4fc955ceadd087a7ad456de8668f8/polars_runtime_32-1.38.0-cp310-abi3-manylinux_2_17_x86_64.manylinux2014_x86_64.whl", hash = "sha256:8806ddb684b17ae8b0bcb91d8d5ba361b04b0a31d77ce7f861d16b47734b3012", size = 45749469, upload-time = "2026-02-04T11:59:32.292Z" },
    { url = "https://files.pythonhosted.org/packages/d7/f8/da2d324d686b1fc438dfb721677fb44f7f5aab6ae0d1fa5b281e986fde82/polars_runtime_32-1.38.0-cp310-abi3-musllinux_1_2_aarch64.whl", hash = "sha256:c7b41163189bd3305fe2307e66fe478b35c4faa467777d74c32b70b52292039b", size = 42159740, upload-time = "2026-02-04T11:59:35.608Z" },
    { url = "https://files.pythonhosted.org/packages/37/88/fe02e4450e9b582ea6f1a7490921208a9c3a0a1efdf976aadbaa4cae73bb/polars_runtime_32-1.38.0-cp310-abi3-musllinux_1_2_x86_64.whl", hash = "sha256:e944f924a99750909299fa701edb07a63a5988e5ee58d673993f3d9147a22276", size = 45327635, upload-time = "2026-02-04T11:59:38.28Z" },
    { url = "https://files.pythonhosted.org/packages/68/db/9bb8007a4bea76b476537740ed18c8bccd809faa390ca1443134e98f8b60/polars_runtime_32-1.38.0-cp310-abi3-win_amd64.whl", hash = "sha256:46fbfb4ee6f8e1914dc0babfb6a138ead552db05a2d9e531c1fb19411b1a6744", size = 45670197, upload-time = "2026-02-04T11:59:41.297Z" },
    { url = "https://files.pythonhosted.org/packages/58/78/28f793ec2e1cff72c0ced1bc9186c9b4dbfe44ca8316df11b2aa8039764c/polars_runtime_32-1.38.0-cp310-abi3-win_arm64.whl", hash = "sha256:ed0e6d7a546de9179e5715bffe9d3b94ba658d5655bbbf44943e138e061dcc90", size = 41637784, upload-time = "2026-02-04T11:59:44.396Z" },
]

[[package]]
name = "pygments"
version = "2.19.2"
source = { registry = "https://pypi.org/simple" }
sdist = { url = "https://files.pythonhosted.org/packages/b0/77/a5b8c569bf593b0140bde72ea885a803b82086995367bf2037de0159d924/pygments-2.19.2.tar.gz", hash = "sha256:636cb2477cec7f8952536970bc533bc43743542f70392ae026374600add5b887", size = 4968631, upload-time = "2025-06-21T13:39:12.283Z" }
wheels = [
    { url = "https://files.pythonhosted.org/packages/c7/21/705964c7812476f378728bdf590ca4b771ec72385c533964653c68e86bdc/pygments-2.19.2-py3-none-any.whl", hash = "sha256:86540386c03d588bb81d44bc3928634ff26449851e99741617ecb9037ee5ec0b", size = 1225217, upload-time = "2025-06-21T13:39:07.939Z" },
]

[[package]]
name = "pytest"
version = "9.0.2"
source = { registry = "https://pypi.org/simple" }
dependencies = [
    { name = "colorama", marker = "sys_platform == 'win32'" },
    { name = "iniconfig" },
    { name = "packaging" },
    { name = "pluggy" },
    { name = "pygments" },
]
sdist = { url = "https://files.pythonhosted.org/packages/d1/db/7ef3487e0fb0049ddb5ce41d3a49c235bf9ad299b6a25d5780a89f19230f/pytest-9.0.2.tar.gz", hash = "sha256:75186651a92bd89611d1d9fc20f0b4345fd827c41ccd5c299a868a05d70edf11", size = 1568901, upload-time = "2025-12-06T21:30:51.014Z" }
wheels = [
    { url = "https://files.pythonhosted.org/packages/3b/ab/b3226f0bd7cdcf710fbede2b3548584366da3b19b5021e74f5bde2a8fa3f/pytest-9.0.2-py3-none-any.whl", hash = "sha256:711ffd45bf766d5264d487b917733b453d917afd2b0ad65223959f59089f875b", size = 374801, upload-time = "2025-12-06T21:30:49.154Z" },
]

[[package]]
name = "something"
version = "0.1.0"
source = { virtual = "." }
dependencies = [
    { name = "polars" },
    { name = "pytest" },
]

[package.metadata]
requires-dist = [
    { name = "polars", specifier = ">=1.38.0" },
    { name = "pytest", specifier = ">=9.0.2" },
]
